<?xml version="1.0" encoding="utf-8"?>
<Project ToolsVersion="4.0" xmlns="http://schemas.microsoft.com/developer/msbuild/2003">
  <ItemGroup>
    <ClInclude Include="SingleInstance.h" />
    <ClInclude Include="SingleInstance.h" />
    <ClInclude Include="ComplexConditionals.cpp" />
    <ClInclude Include="Composition.cpp" />
    <ClInclude Include="Coupling.cpp" />
    <ClInclude Include="DepedencyInjection.cpp" />
    <ClInclude Include="DoubleDispatchAvoided.cpp" />
    <ClInclude Include="DoubleDispatchProblem.cpp" />
    <ClInclude Include="DoubleDispatchVisitorPattern.cpp" />
    <ClInclude Include="main.cpp" />
    <ClInclude Include="PrimitiveObsession.cpp" />
    <ClInclude Include="ComplexConditionals.cpp" />
    <ClInclude Include="Composition.cpp" />
    <ClInclude Include="Coupling.cpp" />
    <ClInclude Include="DepedencyInjection.cpp" />
    <ClInclude Include="DoubleDispatchAvoided.cpp" />
    <ClInclude Include="DoubleDispatchProblem.cpp" />
    <ClInclude Include="DoubleDispatchVisitorPattern.cpp" />
    <ClInclude Include="main.cpp" />
    <ClInclude Include="PrimitiveObsession.cpp" />
    <ClInclude Include="ComplexConditionals.cpp" />
    <ClInclude Include="Composition.cpp" />
    <ClInclude Include="Coupling.cpp" />
    <ClInclude Include="DepedencyInjection.cpp" />
    <ClInclude Include="DoubleDispatchAvoided.cpp" />
    <ClInclude Include="DoubleDispatchProblem.cpp" />
    <ClInclude Include="DoubleDispatchVisitorPattern.cpp" />
    <ClInclude Include="main.cpp" />
    <ClInclude Include="PrimitiveObsession.cpp" />
    <ClInclude Include="ComplexConditionals.cpp" />
    <ClInclude Include="Composition.cpp" />
    <ClInclude Include="Coupling.cpp" />
    <ClInclude Include="DepedencyInjection.cpp" />
    <ClInclude Include="DoubleDispatchAvoided.cpp" />
    <ClInclude Include="DoubleDispatchProblem.cpp" />
    <ClInclude Include="DoubleDispatchVisitorPattern.cpp" />
    <ClInclude Include="main.cpp" />
    <ClInclude Include="PrimitiveObsession.cpp" />
    <ClInclude Include="ComplexConditionals.cpp" />
    <ClInclude Include="Composition.cpp" />
    <ClInclude Include="Coupling.cpp" />
    <ClInclude Include="DepedencyInjection.cpp" />
    <ClInclude Include="DoubleDispatchAvoided.cpp" />
    <ClInclude Include="DoubleDispatchProblem.cpp" />
    <ClInclude Include="DoubleDispatchVisitorPattern.cpp" />
    <ClInclude Include="main.cpp" />
    <ClInclude Include="PrimitiveObsession.cpp" />
    <ClInclude Include="ComplexConditionals.cpp" />
    <ClInclude Include="Composition.cpp" />
    <ClInclude Include="Coupling.cpp" />
    <ClInclude Include="DepedencyInjection.cpp" />
    <ClInclude Include="DoubleDispatchAvoided.cpp" />
    <ClInclude Include="DoubleDispatchProblem.cpp" />
    <ClInclude Include="DoubleDispatchVisitorPattern.cpp" />
    <ClInclude Include="main.cpp" />
    <ClInclude Include="PrimitiveObsession.cpp" />
    <ClInclude Include="ComplexConditionals.cpp" />
    <ClInclude Include="Composition.cpp" />
    <ClInclude Include="Coupling.cpp" />
    <ClInclude Include="DepedencyInjection.cpp" />
    <ClInclude Include="DoubleDispatchAvoided.cpp" />
    <ClInclude Include="DoubleDispatchProblem.cpp" />
    <ClInclude Include="DoubleDispatchVisitorPattern.cpp" />
    <ClInclude Include="main.cpp" />
    <ClInclude Include="PrimitiveObsession.cpp" />
    <ClInclude Include="ComplexConditionals.cpp" />
    <ClInclude Include="Composition.cpp" />
    <ClInclude Include="Coupling.cpp" />
    <ClInclude Include="DepedencyInjection.cpp" />
    <ClInclude Include="DoubleDispatchAvoided.cpp" />
    <ClInclude Include="DoubleDispatchProblem.cpp" />
    <ClInclude Include="DoubleDispatchVisitorPattern.cpp" />
    <ClInclude Include="main.cpp" />
    <ClInclude Include="PrimitiveObsession.cpp" />
    <ClInclude Include="ComplexConditionals.cpp" />
    <ClInclude Include="Composition.cpp" />
    <ClInclude Include="Coupling.cpp" />
    <ClInclude Include="DepedencyInjection.cpp" />
    <ClInclude Include="DoubleDispatchAvoided.cpp" />
    <ClInclude Include="DoubleDispatchProblem.cpp" />
    <ClInclude Include="DoubleDispatchVisitorPattern.cpp" />
    <ClInclude Include="main.cpp" />
    <ClInclude Include="PrimitiveObsession.cpp" />
    <ClInclude Include="ComplexConditionals.cpp" />
    <ClInclude Include="Composition.cpp" />
    <ClInclude Include="Coupling.cpp" />
    <ClInclude Include="DepedencyInjection.cpp" />
    <ClInclude Include="DoubleDispatchAvoided.cpp" />
    <ClInclude Include="DoubleDispatchProblem.cpp" />
    <ClInclude Include="DoubleDispatchVisitorPattern.cpp" />
    <ClInclude Include="main.cpp" />
    <ClInclude Include="PrimitiveObsession.cpp" />
    <ClInclude Include="Mixin.h" />
    <ClInclude Include="SingleInstance.h" />
  </ItemGroup>
  <ItemGroup>
    <ClCompile Include="Cohesion.cpp" />
    <ClCompile Include="ComplexConditionals.cpp" />
    <ClCompile Include="Composition.cpp" />
    <ClCompile Include="Coupling.cpp" />
    <ClCompile Include="DepedencyInjection.cpp" />
    <ClCompile Include="DoubleDispatchAvoided.cpp" />
    <ClCompile Include="DoubleDispatchProblem.cpp" />
    <ClCompile Include="DoubleDispatchVisitorPattern.cpp" />
    <ClCompile Include="main.cpp" />
    <ClCompile Include="PrimitiveObsession.cpp" />
  </ItemGroup>
</Project>